// !$*UTF8*$!
{
	archiveVersion = 1;
	classes = {
	};
	objectVersion = 48;
	objects = {

/* Begin PBXBuildFile section */
		9083B3B81F86D68F0079E309 /* AppDelegate.swift in Sources */ = {isa = PBXBuildFile; fileRef = 9083B3B71F86D68F0079E309 /* AppDelegate.swift */; };
		9083B3BA1F86D68F0079E309 /* ViewController.swift in Sources */ = {isa = PBXBuildFile; fileRef = 9083B3B91F86D68F0079E309 /* ViewController.swift */; };
		9083B3BD1F86D68F0079E309 /* Main.storyboard in Resources */ = {isa = PBXBuildFile; fileRef = 9083B3BB1F86D68F0079E309 /* Main.storyboard */; };
		9083B3BF1F86D68F0079E309 /* Assets.xcassets in Resources */ = {isa = PBXBuildFile; fileRef = 9083B3BE1F86D68F0079E309 /* Assets.xcassets */; };
		9083B3C21F86D68F0079E309 /* LaunchScreen.storyboard in Resources */ = {isa = PBXBuildFile; fileRef = 9083B3C01F86D68F0079E309 /* LaunchScreen.storyboard */; };
/* End PBXBuildFile section */

/* Begin PBXFileReference section */
		9083B3B41F86D68F0079E309 /* servicely-ui-mockup.app */ = {isa = PBXFileReference; explicitFileType = wrapper.application; includeInIndex = 0; path = "servicely-ui-mockup.app"; sourceTree = BUILT_PRODUCTS_DIR; };
		9083B3B71F86D68F0079E309 /* AppDelegate.swift */ = {isa = PBXFileReference; lastKnownFileType = sourcecode.swift; path = AppDelegate.swift; sourceTree = "<group>"; };
		9083B3B91F86D68F0079E309 /* ViewController.swift */ = {isa = PBXFileReference; lastKnownFileType = sourcecode.swift; path = ViewController.swift; sourceTree = "<group>"; };
		9083B3BC1F86D68F0079E309 /* Base */ = {isa = PBXFileReference; lastKnownFileType = file.storyboard; name = Base; path = Base.lproj/Main.storyboard; sourceTree = "<group>"; };
		9083B3BE1F86D68F0079E309 /* Assets.xcassets */ = {isa = PBXFileReference; lastKnownFileType = folder.assetcatalog; path = Assets.xcassets; sourceTree = "<group>"; };
		9083B3C11F86D68F0079E309 /* Base */ = {isa = PBXFileReference; lastKnownFileType = file.storyboard; name = Base; path = Base.lproj/LaunchScreen.storyboard; sourceTree = "<group>"; };
		9083B3C31F86D68F0079E309 /* Info.plist */ = {isa = PBXFileReference; lastKnownFileType = text.plist.xml; path = Info.plist; sourceTree = "<group>"; };
/* End PBXFileReference section */

/* Begin PBXFrameworksBuildPhase section */
		9083B3B11F86D68F0079E309 /* Frameworks */ = {
			isa = PBXFrameworksBuildPhase;
			buildActionMask = 2147483647;
			files = (
			);
			runOnlyForDeploymentPostprocessing = 0;
		};
/* End PBXFrameworksBuildPhase section */

/* Begin PBXGroup section */
		9083B3AB1F86D68F0079E309 = {
			isa = PBXGroup;
			children = (
				9083B3B61F86D68F0079E309 /* servicely-ui-mockup */,
				9083B3B51F86D68F0079E309 /* Products */,
			);
			sourceTree = "<group>";
		};
		9083B3B51F86D68F0079E309 /* Products */ = {
			isa = PBXGroup;
			children = (
				9083B3B41F86D68F0079E309 /* servicely-ui-mockup.app */,
			);
			name = Products;
			sourceTree = "<group>";
		};
		9083B3B61F86D68F0079E309 /* servicely-ui-mockup */ = {
			isa = PBXGroup;
			children = (
				9083B3B71F86D68F0079E309 /* AppDelegate.swift */,
				9083B3B91F86D68F0079E309 /* ViewController.swift */,
				9083B3BB1F86D68F0079E309 /* Main.storyboard */,
				9083B3BE1F86D68F0079E309 /* Assets.xcassets */,
				9083B3C01F86D68F0079E309 /* LaunchScreen.storyboard */,
				9083B3C31F86D68F0079E309 /* Info.plist */,
			);
			path = "servicely-ui-mockup";
			sourceTree = "<group>";
		};
/* End PBXGroup section */

/* Begin PBXNativeTarget section */
		9083B3B31F86D68F0079E309 /* servicely-ui-mockup */ = {
			isa = PBXNativeTarget;
			buildConfigurationList = 9083B3C61F86D68F0079E309 /* Build configuration list for PBXNativeTarget "servicely-ui-mockup" */;
			buildPhases = (
				9083B3B01F86D68F0079E309 /* Sources */,
				9083B3B11F86D68F0079E309 /* Frameworks */,
				9083B3B21F86D68F0079E309 /* Resources */,
			);
			buildRules = (
			);
			dependencies = (
			);
			name = "servicely-ui-mockup";
			productName = "servicely-ui-mockup";
			productReference = 9083B3B41F86D68F0079E309 /* servicely-ui-mockup.app */;
			productType = "com.apple.product-type.application";
		};
/* End PBXNativeTarget section */

/* Begin PBXProject section */
		9083B3AC1F86D68F0079E309 /* Project object */ = {
			isa = PBXProject;
			attributes = {
				LastSwiftUpdateCheck = 0900;
				LastUpgradeCheck = 0900;
				ORGANIZATIONNAME = "Andoni Mendoza";
				TargetAttributes = {
					9083B3B31F86D68F0079E309 = {
						CreatedOnToolsVersion = 9.0;
						ProvisioningStyle = Automatic;
					};
				};
			};
			buildConfigurationList = 9083B3AF1F86D68F0079E309 /* Build configuration list for PBXProject "servicely-ui-mockup" */;
			compatibilityVersion = "Xcode 8.0";
			developmentRegion = en;
			hasScannedForEncodings = 0;
			knownRegions = (
				en,
				Base,
			);
			mainGroup = 9083B3AB1F86D68F0079E309;
			productRefGroup = 9083B3B51F86D68F0079E309 /* Products */;
			projectDirPath = "";
			projectRoot = "";
			targets = (
				9083B3B31F86D68F0079E309 /* servicely-ui-mockup */,
			);
		};
/* End PBXProject section */

/* Begin PBXResourcesBuildPhase section */
		9083B3B21F86D68F0079E309 /* Resources */ = {
			isa = PBXResourcesBuildPhase;
			buildActionMask = 2147483647;
			files = (
				9083B3C21F86D68F0079E309 /* LaunchScreen.storyboard in Resources */,
				9083B3BF1F86D68F0079E309 /* Assets.xcassets in Resources */,
				9083B3BD1F86D68F0079E309 /* Main.storyboard in Resources */,
			);
			runOnlyForDeploymentPostprocessing = 0;
		};
/* End PBXResourcesBuildPhase section */

/* Begin PBXSourcesBuildPhase section */
		9083B3B01F86D68F0079E309 /* Sources */ = {
			isa = PBXSourcesBuildPhase;
			buildActionMask = 2147483647;
			files = (
				9083B3BA1F86D68F0079E309 /* ViewController.swift in Sources */,
				9083B3B81F86D68F0079E309 /* AppDelegate.swift in Sources */,
			);
			runOnlyForDeploymentPostprocessing = 0;
		};
/* End PBXSourcesBuildPhase section */

/* Begin PBXVariantGroup section */
		9083B3BB1F86D68F0079E309 /* Main.storyboard */ = {
			isa = PBXVariantGroup;
			children = (
				9083B3BC1F86D68F0079E309 /* Base */,
			);
			name = Main.storyboard;
			sourceTree = "<group>";
		};
		9083B3C01F86D68F0079E309 /* LaunchScreen.storyboard */ = {
			isa = PBXVariantGroup;
			children = (
				9083B3C11F86D68F0079E309 /* Base */,
			);
			name = LaunchScreen.storyboard;
			sourceTree = "<group>";
		};
/* End PBXVariantGroup section */

/* Begin XCBuildConfiguration section */
		9083B3C41F86D68F0079E309 /* Debug */ = {
			isa = XCBuildConfiguration;
			buildSettings = {
				ALWAYS_SEARCH_USER_PATHS = NO;
				CLANG_ANALYZER_NONNULL = YES;
				CLANG_ANALYZER_NUMBER_OBJECT_CONVERSION = YES_AGGRESSIVE;
				CLANG_CXX_LANGUAGE_STANDARD = "gnu++14";
				CLANG_CXX_LIBRARY = "libc++";
				CLANG_ENABLE_MODULES = YES;
				CLANG_ENABLE_OBJC_ARC = YES;
				CLANG_WARN_BLOCK_CAPTURE_AUTORELEASING = YES;
				CLANG_WARN_BOOL_CONVERSION = YES;
				CLANG_WARN_COMMA = YES;
				CLANG_WARN_CONSTANT_CONVERSION = YES;
				CLANG_WARN_DIRECT_OBJC_ISA_USAGE = YES_ERROR;
				CLANG_WARN_DOCUMENTATION_COMMENTS = YES;
				CLANG_WARN_EMPTY_BODY = YES;
				CLANG_WARN_ENUM_CONVERSION = YES;
				CLANG_WARN_INFINITE_RECURSION = YES;
				CLANG_WARN_INT_CONVERSION = YES;
				CLANG_WARN_NON_LITERAL_NULL_CONVERSION = YES;
				CLANG_WARN_OBJC_LITERAL_CONVERSION = YES;
				CLANG_WARN_OBJC_ROOT_CLASS = YES_ERROR;
				CLANG_WARN_RANGE_LOOP_ANALYSIS = YES;
				CLANG_WARN_STRICT_PROTOTYPES = YES;
				CLANG_WARN_SUSPICIOUS_MOVE = YES;
				CLANG_WARN_UNGUARDED_AVAILABILITY = YES_AGGRESSIVE;
				CLANG_WARN_UNREACHABLE_CODE = YES;
				CLANG_WARN__DUPLICATE_METHOD_MATCH = YES;
				CODE_SIGN_IDENTITY = "iPhone Developer";
				COPY_PHASE_STRIP = NO;
				DEBUG_INFORMATION_FORMAT = dwarf;
				ENABLE_STRICT_OBJC_MSGSEND = YES;
				ENABLE_TESTABILITY = YES;
				GCC_C_LANGUAGE_STANDARD = gnu11;
				GCC_DYNAMIC_NO_PIC = NO;
				GCC_NO_COMMON_BLOCKS = YES;
				GCC_OPTIMIZATION_LEVEL = 0;
				GCC_PREPROCESSOR_DEFINITIONS = (
					"DEBUG=1",
					"$(inherited)",
				);
				GCC_WARN_64_TO_32_BIT_CONVERSION = YES;
				GCC_WARN_ABOUT_RETURN_TYPE = YES_ERROR;
				GCC_WARN_UNDECLARED_SELECTOR = YES;
				GCC_WARN_UNINITIALIZED_AUTOS = YES_AGGRESSIVE;
				GCC_WARN_UNUSED_FUNCTION = YES;
				GCC_WARN_UNUSED_VARIABLE = YES;
				IPHONEOS_DEPLOYMENT_TARGET = 11.0;
				MTL_ENABLE_DEBUG_INFO = YES;
				ONLY_ACTIVE_ARCH = YES;
				SDKROOT = iphoneos;
				SWIFT_ACTIVE_COMPILATION_CONDITIONS = DEBUG;
				SWIFT_OPTIMIZATION_LEVEL = "-Onone";
			};
			name = Debug;
		};
		9083B3C51F86D68F0079E309 /* Release */ = {
			isa = XCBuildConfiguration;
			buildSettings = {
				ALWAYS_SEARCH_USER_PATHS = NO;
				CLANG_ANALYZER_NONNULL = YES;
				CLANG_ANALYZER_NUMBER_OBJECT_CONVERSION = YES_AGGRESSIVE;
				CLANG_CXX_LANGUAGE_STANDARD = "gnu++14";
				CLANG_CXX_LIBRARY = "libc++";
				CLANG_ENABLE_MODULES = YES;
				CLANG_ENABLE_OBJC_ARC = YES;
				CLANG_WARN_BLOCK_CAPTURE_AUTORELEASING = YES;
				CLANG_WARN_BOOL_CONVERSION = YES;
				CLANG_WARN_COMMA = YES;
				CLANG_WARN_CONSTANT_CONVERSION = YES;
				CLANG_WARN_DIRECT_OBJC_ISA_USAGE = YES_ERROR;
				CLANG_WARN_DOCUMENTATION_COMMENTS = YES;
				CLANG_WARN_EMPTY_BODY = YES;
				CLANG_WARN_ENUM_CONVERSION = YES;
				CLANG_WARN_INFINITE_RECURSION = YES;
				CLANG_WARN_INT_CONVERSION = YES;
				CLANG_WARN_NON_LITERAL_NULL_CONVERSION = YES;
				CLANG_WARN_OBJC_LITERAL_CONVERSION = YES;
				CLANG_WARN_OBJC_ROOT_CLASS = YES_ERROR;
				CLANG_WARN_RANGE_LOOP_ANALYSIS = YES;
				CLANG_WARN_STRICT_PROTOTYPES = YES;
				CLANG_WARN_SUSPICIOUS_MOVE = YES;
				CLANG_WARN_UNGUARDED_AVAILABILITY = YES_AGGRESSIVE;
				CLANG_WARN_UNREACHABLE_CODE = YES;
				CLANG_WARN__DUPLICATE_METHOD_MATCH = YES;
				CODE_SIGN_IDENTITY = "iPhone Developer";
				COPY_PHASE_STRIP = NO;
				DEBUG_INFORMATION_FORMAT = "dwarf-with-dsym";
				ENABLE_NS_ASSERTIONS = NO;
				ENABLE_STRICT_OBJC_MSGSEND = YES;
				GCC_C_LANGUAGE_STANDARD = gnu11;
				GCC_NO_COMMON_BLOCKS = YES;
				GCC_WARN_64_TO_32_BIT_CONVERSION = YES;
				GCC_WARN_ABOUT_RETURN_TYPE = YES_ERROR;
				GCC_WARN_UNDECLARED_SELECTOR = YES;
				GCC_WARN_UNINITIALIZED_AUTOS = YES_AGGRESSIVE;
				GCC_WARN_UNUSED_FUNCTION = YES;
				GCC_WARN_UNUSED_VARIABLE = YES;
				IPHONEOS_DEPLOYMENT_TARGET = 11.0;
				MTL_ENABLE_DEBUG_INFO = NO;
				SDKROOT = iphoneos;
				SWIFT_OPTIMIZATION_LEVEL = "-Owholemodule";
				VALIDATE_PRODUCT = YES;
			};
			name = Release;
		};
		9083B3C71F86D68F0079E309 /* Debug */ = {
			isa = XCBuildConfiguration;
			buildSettings = {
				ASSETCATALOG_COMPILER_APPICON_NAME = AppIcon;
				CODE_SIGN_STYLE = Automatic;
				DEVELOPMENT_TEAM = 6Q3CS3983P;
				INFOPLIST_FILE = "servicely-ui-mockup/Info.plist";
				LD_RUNPATH_SEARCH_PATHS = "$(inherited) @executable_path/Frameworks";
				PRODUCT_BUNDLE_IDENTIFIER = "neat-org.servicely-ui-mockup";
				PRODUCT_NAME = "$(TARGET_NAME)";
				SWIFT_VERSION = 4.0;
				TARGETED_DEVICE_FAMILY = "1,2";
			};
			name = Debug;
		};
		9083B3C81F86D68F0079E309 /* Release */ = {
			isa = XCBuildConfiguration;
			buildSettings = {
				ASSETCATALOG_COMPILER_APPICON_NAME = AppIcon;
				CODE_SIGN_STYLE = Automatic;
				DEVELOPMENT_TEAM = 6Q3CS3983P;
				INFOPLIST_FILE = "servicely-ui-mockup/Info.plist";
				LD_RUNPATH_SEARCH_PATHS = "$(inherited) @executable_path/Frameworks";
				PRODUCT_BUNDLE_IDENTIFIER = "neat-org.servicely-ui-mockup";
				PRODUCT_NAME = "$(TARGET_NAME)";
				SWIFT_VERSION = 4.0;
				TARGETED_DEVICE_FAMILY = "1,2";
			};
			name = Release;
		};
/* End XCBuildConfiguration section */

/* Begin XCConfigurationList section */
		9083B3AF1F86D68F0079E309 /* Build configuration list for PBXProject "servicely-ui-mockup" */ = {
			isa = XCConfigurationList;
			buildConfigurations = (
				9083B3C41F86D68F0079E309 /* Debug */,
				9083B3C51F86D68F0079E309 /* Release */,
			);
			defaultConfigurationIsVisible = 0;
			defaultConfigurationName = Release;
		};
		9083B3C61F86D68F0079E309 /* Build configuration list for PBXNativeTarget "servicely-ui-mockup" */ = {
			isa = XCConfigurationList;
			buildConfigurations = (
				9083B3C71F86D68F0079E309 /* Debug */,
				9083B3C81F86D68F0079E309 /* Release */,
			);
			defaultConfigurationIsVisible = 0;
			defaultConfigurationName = Release;
		};
/* End XCConfigurationList section */
	};
	rootObject = 9083B3AC1F86D68F0079E309 /* Project object */;
}
